
Microsoft Visual Studio Solution File, Format Version 11.00
# Visual Studio 2010
Project("{FAE04EC0-301F-11D3-BF4B-00C04F79EFBC}") = "Trade2Webhook (2)", "Trade2Webhook (2)\Trade2Webhook (2).csproj", "{C5920ECE-0336-4A03-BB92-766F4A40D18C}"
EndProject
Global
	GlobalSection(SolutionConfigurationPlatforms) = preSolution
		Debug|Any CPU = Debug|Any CPU
		Release|Any CPU = Release|Any CPU
	EndGlobalSection
	GlobalSection(ProjectConfigurationPlatforms) = postSolution
		{C5920ECE-0336-4A03-BB92-766F4A40D18C}.Debug|Any CPU.ActiveCfg = Debug|Any CPU
		{C5920ECE-0336-4A03-BB92-766F4A40D18C}.Debug|Any CPU.Build.0 = Debug|Any CPU
		{C5920ECE-0336-4A03-BB92-766F4A40D18C}.Release|Any CPU.ActiveCfg = Release|Any CPU
		{C5920ECE-0336-4A03-BB92-766F4A40D18C}.Release|Any CPU.Build.0 = Release|Any CPU
	EndGlobalSection
	GlobalSection(SolutionProperties) = preSolution
		HideSolutionNode = FALSE
	EndGlobalSection
EndGlobal
