
Microsoft Visual Studio Solution File, Format Version 11.00
# Visual Studio 2010
Project("{FAE04EC0-301F-11D3-BF4B-00C04F79EFBC}") = "vWap Rider", "vWap Rider\vWap Rider.csproj", "{C2B85B3E-E514-4CC1-BCA6-5B0EA10852F9}"
EndProject
Global
	GlobalSection(SolutionConfigurationPlatforms) = preSolution
		Debug|Any CPU = Debug|Any CPU
		Release|Any CPU = Release|Any CPU
	EndGlobalSection
	GlobalSection(ProjectConfigurationPlatforms) = postSolution
		{C2B85B3E-E514-4CC1-BCA6-5B0EA10852F9}.Debug|Any CPU.ActiveCfg = Debug|Any CPU
		{C2B85B3E-E514-4CC1-BCA6-5B0EA10852F9}.Debug|Any CPU.Build.0 = Debug|Any CPU
		{C2B85B3E-E514-4CC1-BCA6-5B0EA10852F9}.Release|Any CPU.ActiveCfg = Release|Any CPU
		{C2B85B3E-E514-4CC1-BCA6-5B0EA10852F9}.Release|Any CPU.Build.0 = Release|Any CPU
	EndGlobalSection
	GlobalSection(SolutionProperties) = preSolution
		HideSolutionNode = FALSE
	EndGlobalSection
EndGlobal


Project("{FAE04EC0-301F-11D3-BF4B-00C04F79EFBC}") = "vWap  - noDev", "..\..\Indicators\vWap  - noDev\vWap  - noDev\vWap  - noDev.csproj", "{BF96DE3E-662D-48A1-A2F4-9367C0079CA8}"
EndProject