
Microsoft Visual Studio Solution File, Format Version 11.00
# Visual Studio 2010
Project("{FAE04EC0-301F-11D3-BF4B-00C04F79EFBC}") = "Write Log", "Write Log\Write Log.csproj", "{12D0BE98-A77F-4D32-BF8F-18B764951EC4}"
EndProject
Global
	GlobalSection(SolutionConfigurationPlatforms) = preSolution
		Debug|Any CPU = Debug|Any CPU
		Release|Any CPU = Release|Any CPU
	EndGlobalSection
	GlobalSection(ProjectConfigurationPlatforms) = postSolution
		{12D0BE98-A77F-4D32-BF8F-18B764951EC4}.Debug|Any CPU.ActiveCfg = Debug|Any CPU
		{12D0BE98-A77F-4D32-BF8F-18B764951EC4}.Debug|Any CPU.Build.0 = Debug|Any CPU
		{12D0BE98-A77F-4D32-BF8F-18B764951EC4}.Release|Any CPU.ActiveCfg = Release|Any CPU
		{12D0BE98-A77F-4D32-BF8F-18B764951EC4}.Release|Any CPU.Build.0 = Release|Any CPU
	EndGlobalSection
	GlobalSection(SolutionProperties) = preSolution
		HideSolutionNode = FALSE
	EndGlobalSection
EndGlobal
