
Microsoft Visual Studio Solution File, Format Version 12.00
# Visual Studio Version 16
VisualStudioVersion = 16.0.30011.22
MinimumVisualStudioVersion = 10.0.40219.1
Project("{FAE04EC0-301F-11D3-BF4B-00C04F79EFBC}") = "Meesecks", "Meesecks\Meesecks.csproj", "{e777d6b0-a094-4fee-b213-8948188768f5}"
EndProject
Global
	GlobalSection(SolutionConfigurationPlatforms) = preSolution
		Debug|Any CPU = Debug|Any CPU
		Release|Any CPU = Release|Any CPU
	EndGlobalSection
	GlobalSection(ProjectConfigurationPlatforms) = postSolution
		{e777d6b0-a094-4fee-b213-8948188768f5}.Debug|Any CPU.ActiveCfg = Debug|Any CPU
		{e777d6b0-a094-4fee-b213-8948188768f5}.Debug|Any CPU.Build.0 = Debug|Any CPU
		{e777d6b0-a094-4fee-b213-8948188768f5}.Release|Any CPU.ActiveCfg = Release|Any CPU
		{e777d6b0-a094-4fee-b213-8948188768f5}.Release|Any CPU.Build.0 = Release|Any CPU
	EndGlobalSection
	GlobalSection(SolutionProperties) = preSolution
		HideSolutionNode = FALSE
	EndGlobalSection
EndGlobal
