
Microsoft Visual Studio Solution File, Format Version 11.00
# Visual Studio 2010
Project("{FAE04EC0-301F-11D3-BF4B-00C04F79EFBC}") = "New cBot", "New cBot\New cBot.csproj", "{A0BE59E3-BBCF-4921-9D3A-BF847E827667}"
EndProject
Global
	GlobalSection(SolutionConfigurationPlatforms) = preSolution
		Debug|Any CPU = Debug|Any CPU
		Release|Any CPU = Release|Any CPU
	EndGlobalSection
	GlobalSection(ProjectConfigurationPlatforms) = postSolution
		{A0BE59E3-BBCF-4921-9D3A-BF847E827667}.Debug|Any CPU.ActiveCfg = Debug|Any CPU
		{A0BE59E3-BBCF-4921-9D3A-BF847E827667}.Debug|Any CPU.Build.0 = Debug|Any CPU
		{A0BE59E3-BBCF-4921-9D3A-BF847E827667}.Release|Any CPU.ActiveCfg = Release|Any CPU
		{A0BE59E3-BBCF-4921-9D3A-BF847E827667}.Release|Any CPU.Build.0 = Release|Any CPU
	EndGlobalSection
	GlobalSection(SolutionProperties) = preSolution
		HideSolutionNode = FALSE
	EndGlobalSection
EndGlobal
